
Microsoft Visual Studio Solution File, Format Version 12.00
# Visual Studio Version 17
VisualStudioVersion = 17.11.35312.102
MinimumVisualStudioVersion = 10.0.40219.1
Project("{888888A0-9F3D-457C-B088-3A5042F75D52}") = "news_analytics", "Test\news_analytics.pyproj", "{1F9B8964-D2D1-4B90-8608-9366BD3A03AA}"
EndProject
Global
	GlobalSection(SolutionConfigurationPlatforms) = preSolution
		Debug|Any CPU = Debug|Any CPU
		Release|Any CPU = Release|Any CPU
	EndGlobalSection
	GlobalSection(ProjectConfigurationPlatforms) = postSolution
		{1F9B8964-D2D1-4B90-8608-9366BD3A03AA}.Debug|Any CPU.ActiveCfg = Debug|Any CPU
		{1F9B8964-D2D1-4B90-8608-9366BD3A03AA}.Release|Any CPU.ActiveCfg = Release|Any CPU
	EndGlobalSection
	GlobalSection(SolutionProperties) = preSolution
		HideSolutionNode = FALSE
	EndGlobalSection
	GlobalSection(ExtensibilityGlobals) = postSolution
		SolutionGuid = {7D3F6B75-40EA-4F71-9FEF-22E96FF7411D}
	EndGlobalSection
EndGlobal
